
Microsoft Visual Studio Solution File, Format Version 12.00
# Visual Studio Version 17
VisualStudioVersion = 17.2.32630.192
MinimumVisualStudioVersion = 10.0.40219.1
Project("{FAE04EC0-301F-11D3-BF4B-00C04F79EFBC}") = "vxodcontrol", "vxodcontrol\vxodcontrol.csproj", "{6C2A9C7B-EACF-495C-898F-CEF9A3F5AA0E}"
EndProject
Global
	GlobalSection(SolutionConfigurationPlatforms) = preSolution
		Debug|Any CPU = Debug|Any CPU
		Release|Any CPU = Release|Any CPU
	EndGlobalSection
	GlobalSection(ProjectConfigurationPlatforms) = postSolution
		{6C2A9C7B-EACF-495C-898F-CEF9A3F5AA0E}.Debug|Any CPU.ActiveCfg = Debug|Any CPU
		{6C2A9C7B-EACF-495C-898F-CEF9A3F5AA0E}.Debug|Any CPU.Build.0 = Debug|Any CPU
		{6C2A9C7B-EACF-495C-898F-CEF9A3F5AA0E}.Release|Any CPU.ActiveCfg = Release|Any CPU
		{6C2A9C7B-EACF-495C-898F-CEF9A3F5AA0E}.Release|Any CPU.Build.0 = Release|Any CPU
	EndGlobalSection
	GlobalSection(SolutionProperties) = preSolution
		HideSolutionNode = FALSE
	EndGlobalSection
	GlobalSection(ExtensibilityGlobals) = postSolution
		SolutionGuid = {AA71E359-87C6-46B6-A6D8-5A86A6601FF9}
	EndGlobalSection
EndGlobal
